
Microsoft Visual Studio Solution File, Format Version 12.00
# Visual Studio 2012
Project("{FAE04EC0-301F-11D3-BF4B-00C04F79EFBC}") = "reloj", "reloj\reloj.csproj", "{FE0A00DA-6ED1-4313-BFFB-EC72D3243D17}"
EndProject
Global
	GlobalSection(SolutionConfigurationPlatforms) = preSolution
		Debug|Any CPU = Debug|Any CPU
		Release|Any CPU = Release|Any CPU
	EndGlobalSection
	GlobalSection(ProjectConfigurationPlatforms) = postSolution
		{FE0A00DA-6ED1-4313-BFFB-EC72D3243D17}.Debug|Any CPU.ActiveCfg = Debug|Any CPU
		{FE0A00DA-6ED1-4313-BFFB-EC72D3243D17}.Debug|Any CPU.Build.0 = Debug|Any CPU
		{FE0A00DA-6ED1-4313-BFFB-EC72D3243D17}.Release|Any CPU.ActiveCfg = Release|Any CPU
		{FE0A00DA-6ED1-4313-BFFB-EC72D3243D17}.Release|Any CPU.Build.0 = Release|Any CPU
	EndGlobalSection
	GlobalSection(SolutionProperties) = preSolution
		HideSolutionNode = FALSE
	EndGlobalSection
EndGlobal
